
Microsoft Visual Studio Solution File, Format Version 12.00
# Visual Studio Version 16
VisualStudioVersion = 16.0.31112.23
MinimumVisualStudioVersion = 10.0.40219.1
Project("{FAE04EC0-301F-11D3-BF4B-00C04F79EFBC}") = "FreeForMoney", "FreeForMoney\FreeForMoney.csproj", "{B382D9C1-CFA0-429D-89FA-35928D8F38A1}"
EndProject
Global
	GlobalSection(SolutionConfigurationPlatforms) = preSolution
		Debug|Any CPU = Debug|Any CPU
		Release|Any CPU = Release|Any CPU
	EndGlobalSection
	GlobalSection(ProjectConfigurationPlatforms) = postSolution
		{B382D9C1-CFA0-429D-89FA-35928D8F38A1}.Debug|Any CPU.ActiveCfg = Debug|Any CPU
		{B382D9C1-CFA0-429D-89FA-35928D8F38A1}.Debug|Any CPU.Build.0 = Debug|Any CPU
		{B382D9C1-CFA0-429D-89FA-35928D8F38A1}.Release|Any CPU.ActiveCfg = Release|Any CPU
		{B382D9C1-CFA0-429D-89FA-35928D8F38A1}.Release|Any CPU.Build.0 = Release|Any CPU
	EndGlobalSection
	GlobalSection(SolutionProperties) = preSolution
		HideSolutionNode = FALSE
	EndGlobalSection
	GlobalSection(ExtensibilityGlobals) = postSolution
		SolutionGuid = {B6420E54-5C18-40E6-BB04-A175FE508F44}
	EndGlobalSection
EndGlobal
